[[package]]
name = "commonmark"
version = "0.9.1"
description = "Python parser for the CommonMark Markdown spec"
category = "main"
optional = false
python-versions = "*"

[package.extras]
test = ["hypothesis (==3.55.3)", "flake8 (==3.7.8)"]

[[package]]
name = "confluent-kafka"
version = "1.9.0"
description = "Confluent's Python client for Apache Kafka"
category = "main"
optional = false
python-versions = "*"

[package.extras]
avro = ["avro (==1.10.0)", "requests", "fastavro (>=0.23.0,<1.0)", "fastavro (>=1.0)"]
dev = ["pytest-timeout", "flake8", "avro (==1.10.0)", "requests", "pytest (==4.6.4)", "fastavro (>=0.23.0,<1.0)", "fastavro (>=1.0)", "pytest"]
doc = ["sphinx", "sphinx-rtd-theme", "avro (==1.10.0)", "requests", "fastavro (>=0.23.0,<1.0)", "fastavro (>=1.0)"]
json = ["jsonschema", "requests", "pyrsistent (==0.16.1)", "pyrsistent"]
protobuf = ["protobuf", "requests"]
schema-registry = ["requests"]

[[package]]
name = "mypy"
version = "0.971"
description = "Optional static typing for Python"
category = "dev"
optional = false
python-versions = ">=3.6"

[package.dependencies]
mypy-extensions = ">=0.4.3"
tomli = {version = ">=1.1.0", markers = "python_version < \"3.11\""}
typing-extensions = ">=3.10"

[package.extras]
dmypy = ["psutil (>=4.0)"]
python2 = ["typed-ast (>=1.4.0,<2)"]
reports = ["lxml"]

[[package]]
name = "mypy-extensions"
version = "0.4.3"
description = "Experimental type system extensions for programs checked with the mypy typechecker."
category = "dev"
optional = false
python-versions = "*"

[[package]]
name = "pygments"
version = "2.12.0"
description = "Pygments is a syntax highlighting package written in Python."
category = "main"
optional = false
python-versions = ">=3.6"

[[package]]
name = "rich"
version = "12.5.1"
description = "Render rich text, tables, progress bars, syntax highlighting, markdown and more to the terminal"
category = "main"
optional = false
python-versions = ">=3.6.3,<4.0.0"

[package.dependencies]
commonmark = ">=0.9.0,<0.10.0"
pygments = ">=2.6.0,<3.0.0"

[package.extras]
jupyter = ["ipywidgets (>=7.5.1,<8.0.0)"]

[[package]]
name = "tomli"
version = "2.0.1"
description = "A lil' TOML parser"
category = "dev"
optional = false
python-versions = ">=3.7"

[[package]]
name = "typing-extensions"
version = "4.3.0"
description = "Backported and Experimental Type Hints for Python 3.7+"
category = "dev"
optional = false
python-versions = ">=3.7"

[metadata]
lock-version = "1.1"
python-versions = "^3.10"
content-hash = "5f88f728a86e2dec62a3b2b3a8dbb5d1326d02f968c0fc4361bde8b6af6649ca"

[metadata.files]
commonmark = [
    {file = "commonmark-0.9.1-py2.py3-none-any.whl", hash = "sha256:da2f38c92590f83de410ba1a3cbceafbc74fee9def35f9251ba9a971d6d66fd9"},
    {file = "commonmark-0.9.1.tar.gz", hash = "sha256:452f9dc859be7f06631ddcb328b6919c67984aca654e5fefb3914d54691aed60"},
]
confluent-kafka = [
    {file = "confluent-kafka-1.9.0.tar.gz", hash = "sha256:2f87004473718d1976f57c9e23307c216daf8cbd47ffa7115ef0ce48963c9c69"},
    {file = "confluent_kafka-1.9.0-cp310-cp310-macosx_10_9_x86_64.whl", hash = "sha256:0eca04a9321de8172a5563d79ee3d09b93ec5811616502361af96b22070465ef"},
    {file = "confluent_kafka-1.9.0-cp310-cp310-manylinux_2_17_x86_64.manylinux2014_x86_64.whl", hash = "sha256:dee2f5d3a193dd0b5500e4e129b7da9f662b49f5a9b8a13cb6b8af72c69c534b"},
    {file = "confluent_kafka-1.9.0-cp310-cp310-win32.whl", hash = "sha256:e1e0aeaff2afba8138d5c103589bde1c3d8f870606d00115df03adffbffd368f"},
    {file = "confluent_kafka-1.9.0-cp310-cp310-win_amd64.whl", hash = "sha256:f46a445556831a23b356bcc6211aab8a09b5e709ec956bce01237b3152eeb166"},
    {file = "confluent_kafka-1.9.0-cp36-cp36m-macosx_10_9_x86_64.whl", hash = "sha256:7cec61388faf7d122ae0bfb7948bdb1333ad8bd95a6cdc50eac97342e0faff75"},
    {file = "confluent_kafka-1.9.0-cp36-cp36m-manylinux2010_x86_64.whl", hash = "sha256:f85c80a6b37bf60caa8118d2be205380e037e389769ee92b15cc733e3044e17a"},
    {file = "confluent_kafka-1.9.0-cp36-cp36m-win32.whl", hash = "sha256:fb23fd087695cf1753a43bf77173e9c87f535b9293b94b7f29f17461c1ba9eb5"},
    {file = "confluent_kafka-1.9.0-cp36-cp36m-win_amd64.whl", hash = "sha256:066856f43b248c6634f43a01bb5798c1acf8553fcad0ee04f353643a2473b788"},
    {file = "confluent_kafka-1.9.0-cp37-cp37m-macosx_10_9_x86_64.whl", hash = "sha256:5559cb175cb668f53e4a053d921a06393aaf2a16b14cd807439e93d7100b1594"},
    {file = "confluent_kafka-1.9.0-cp37-cp37m-manylinux2010_x86_64.whl", hash = "sha256:49312cd1dce9963578669412831c55a83dc42ced0af975fe8a885860d4439505"},
    {file = "confluent_kafka-1.9.0-cp37-cp37m-win32.whl", hash = "sha256:1446e5d8502694f4a9140ace087567b85300bd9766a532e006f2f6e9c6e99284"},
    {file = "confluent_kafka-1.9.0-cp37-cp37m-win_amd64.whl", hash = "sha256:c3bfe2a13efb0bb810146466175038c0202b8e5f14a9a37ca494bbd777f26870"},
    {file = "confluent_kafka-1.9.0-cp38-cp38-macosx_10_9_x86_64.whl", hash = "sha256:80b87db486566067f7a24955f33db0fe74af977938c917216fe709b0332f668e"},
    {file = "confluent_kafka-1.9.0-cp38-cp38-manylinux2010_x86_64.whl", hash = "sha256:41590186d9528b4a9e3a6116551918471f41e82f54438742f1c8ecbe2441d1c3"},
    {file = "confluent_kafka-1.9.0-cp38-cp38-win32.whl", hash = "sha256:9ea5916b7537e5679011387336c101433567587d3862351e75c8bb8d0dc3d838"},
    {file = "confluent_kafka-1.9.0-cp38-cp38-win_amd64.whl", hash = "sha256:fa1cbc113809a0aa1f8b33c4ec2cf246fcbc329c3b9e40054514d4c95ffd44e4"},
    {file = "confluent_kafka-1.9.0-cp39-cp39-macosx_10_9_x86_64.whl", hash = "sha256:fdca4a62ed61ae8d77758f3df163c7959a1757a2cd37f0f54a15f7f347841b59"},
    {file = "confluent_kafka-1.9.0-cp39-cp39-manylinux2010_x86_64.whl", hash = "sha256:45fa3b9d4d015c099dcb5fd77cbc0d40f6683afe9a9b279c82fb0ed814e11724"},
    {file = "confluent_kafka-1.9.0-cp39-cp39-win32.whl", hash = "sha256:4a93eccaab455ab4ad70cdd22f2e15b9fd5607a019dd08cd95b04308193f84cb"},
    {file = "confluent_kafka-1.9.0-cp39-cp39-win_amd64.whl", hash = "sha256:2008aeca66112722d3bcbff0baa40e129bdc6747755d5e71409493f2b56ffa36"},
]
mypy = [
    {file = "mypy-0.971-cp310-cp310-macosx_10_9_universal2.whl", hash = "sha256:f2899a3cbd394da157194f913a931edfd4be5f274a88041c9dc2d9cdcb1c315c"},
    {file = "mypy-0.971-cp310-cp310-macosx_10_9_x86_64.whl", hash = "sha256:98e02d56ebe93981c41211c05adb630d1d26c14195d04d95e49cd97dbc046dc5"},
    {file = "mypy-0.971-cp310-cp310-macosx_11_0_arm64.whl", hash = "sha256:19830b7dba7d5356d3e26e2427a2ec91c994cd92d983142cbd025ebe81d69cf3"},
    {file = "mypy-0.971-cp310-cp310-manylinux_2_5_x86_64.manylinux1_x86_64.manylinux_2_12_x86_64.manylinux2010_x86_64.whl", hash = "sha256:02ef476f6dcb86e6f502ae39a16b93285fef97e7f1ff22932b657d1ef1f28655"},
    {file = "mypy-0.971-cp310-cp310-win_amd64.whl", hash = "sha256:25c5750ba5609a0c7550b73a33deb314ecfb559c350bb050b655505e8aed4103"},
    {file = "mypy-0.971-cp36-cp36m-macosx_10_9_x86_64.whl", hash = "sha256:d3348e7eb2eea2472db611486846742d5d52d1290576de99d59edeb7cd4a42ca"},
    {file = "mypy-0.971-cp36-cp36m-manylinux_2_5_x86_64.manylinux1_x86_64.manylinux_2_12_x86_64.manylinux2010_x86_64.whl", hash = "sha256:3fa7a477b9900be9b7dd4bab30a12759e5abe9586574ceb944bc29cddf8f0417"},
    {file = "mypy-0.971-cp36-cp36m-win_amd64.whl", hash = "sha256:2ad53cf9c3adc43cf3bea0a7d01a2f2e86db9fe7596dfecb4496a5dda63cbb09"},
    {file = "mypy-0.971-cp37-cp37m-macosx_10_9_x86_64.whl", hash = "sha256:855048b6feb6dfe09d3353466004490b1872887150c5bb5caad7838b57328cc8"},
    {file = "mypy-0.971-cp37-cp37m-manylinux_2_5_x86_64.manylinux1_x86_64.manylinux_2_12_x86_64.manylinux2010_x86_64.whl", hash = "sha256:23488a14a83bca6e54402c2e6435467a4138785df93ec85aeff64c6170077fb0"},
    {file = "mypy-0.971-cp37-cp37m-win_amd64.whl", hash = "sha256:4b21e5b1a70dfb972490035128f305c39bc4bc253f34e96a4adf9127cf943eb2"},
    {file = "mypy-0.971-cp38-cp38-macosx_10_9_universal2.whl", hash = "sha256:9796a2ba7b4b538649caa5cecd398d873f4022ed2333ffde58eaf604c4d2cb27"},
    {file = "mypy-0.971-cp38-cp38-macosx_10_9_x86_64.whl", hash = "sha256:5a361d92635ad4ada1b1b2d3630fc2f53f2127d51cf2def9db83cba32e47c856"},
    {file = "mypy-0.971-cp38-cp38-macosx_11_0_arm64.whl", hash = "sha256:b793b899f7cf563b1e7044a5c97361196b938e92f0a4343a5d27966a53d2ec71"},
    {file = "mypy-0.971-cp38-cp38-manylinux_2_5_x86_64.manylinux1_x86_64.manylinux_2_12_x86_64.manylinux2010_x86_64.whl", hash = "sha256:d1ea5d12c8e2d266b5fb8c7a5d2e9c0219fedfeb493b7ed60cd350322384ac27"},
    {file = "mypy-0.971-cp38-cp38-win_amd64.whl", hash = "sha256:23c7ff43fff4b0df93a186581885c8512bc50fc4d4910e0f838e35d6bb6b5e58"},
    {file = "mypy-0.971-cp39-cp39-macosx_10_9_universal2.whl", hash = "sha256:1f7656b69974a6933e987ee8ffb951d836272d6c0f81d727f1d0e2696074d9e6"},
    {file = "mypy-0.971-cp39-cp39-macosx_10_9_x86_64.whl", hash = "sha256:d2022bfadb7a5c2ef410d6a7c9763188afdb7f3533f22a0a32be10d571ee4bbe"},
    {file = "mypy-0.971-cp39-cp39-macosx_11_0_arm64.whl", hash = "sha256:ef943c72a786b0f8d90fd76e9b39ce81fb7171172daf84bf43eaf937e9f220a9"},
    {file = "mypy-0.971-cp39-cp39-manylinux_2_5_x86_64.manylinux1_x86_64.manylinux_2_12_x86_64.manylinux2010_x86_64.whl", hash = "sha256:d744f72eb39f69312bc6c2abf8ff6656973120e2eb3f3ec4f758ed47e414a4bf"},
    {file = "mypy-0.971-cp39-cp39-win_amd64.whl", hash = "sha256:77a514ea15d3007d33a9e2157b0ba9c267496acf12a7f2b9b9f8446337aac5b0"},
    {file = "mypy-0.971-py3-none-any.whl", hash = "sha256:0d054ef16b071149917085f51f89555a576e2618d5d9dd70bd6eea6410af3ac9"},
    {file = "mypy-0.971.tar.gz", hash = "sha256:40b0f21484238269ae6a57200c807d80debc6459d444c0489a102d7c6a75fa56"},
]
mypy-extensions = [
    {file = "mypy_extensions-0.4.3-py2.py3-none-any.whl", hash = "sha256:090fedd75945a69ae91ce1303b5824f428daf5a028d2f6ab8a299250a846f15d"},
    {file = "mypy_extensions-0.4.3.tar.gz", hash = "sha256:2d82818f5bb3e369420cb3c4060a7970edba416647068eb4c5343488a6c604a8"},
]
pygments = [
    {file = "Pygments-2.12.0-py3-none-any.whl", hash = "sha256:dc9c10fb40944260f6ed4c688ece0cd2048414940f1cea51b8b226318411c519"},
    {file = "Pygments-2.12.0.tar.gz", hash = "sha256:5eb116118f9612ff1ee89ac96437bb6b49e8f04d8a13b514ba26f620208e26eb"},
]
rich = [
    {file = "rich-12.5.1-py3-none-any.whl", hash = "sha256:2eb4e6894cde1e017976d2975ac210ef515d7548bc595ba20e195fb9628acdeb"},
    {file = "rich-12.5.1.tar.gz", hash = "sha256:63a5c5ce3673d3d5fbbf23cd87e11ab84b6b451436f1b7f19ec54b6bc36ed7ca"},
]
tomli = [
    {file = "tomli-2.0.1-py3-none-any.whl", hash = "sha256:939de3e7a6161af0c887ef91b7d41a53e7c5a1ca976325f429cb46ea9bc30ecc"},
    {file = "tomli-2.0.1.tar.gz", hash = "sha256:de526c12914f0c550d15924c62d72abc48d6fe7364aa87328337a31007fe8a4f"},
]
typing-extensions = [
    {file = "typing_extensions-4.3.0-py3-none-any.whl", hash = "sha256:25642c956049920a5aa49edcdd6ab1e06d7e5d467fc00e0506c44ac86fbfca02"},
    {file = "typing_extensions-4.3.0.tar.gz", hash = "sha256:e6d2677a32f47fc7eb2795db1dd15c1f34eff616bcaf2cfb5e997f854fa1c4a6"},
]
