{
  "name": "hello-world",
  "version": "1.0.0",
  "lockfileVersion": 1,
  "requires": true,
  "dependencies": {
    "archy": {
      "version": "1.0.0",
      "resolved": "https://registry.npmjs.org/archy/-/archy-1.0.0.tgz",
      "integrity": "sha1-+cjBN1fMHde8N5rHeyxipcKGjEA="
    },
    "core-util-is": {
      "version": "1.0.2",
      "resolved": "https://registry.npmjs.org/core-util-is/-/core-util-is-1.0.2.tgz",
      "integrity": "sha1-tf1UIgqivFq1eqtxQMlAdUUDwac="
    },
    "gate-executor": {
      "version": "1.1.1",
      "resolved": "https://registry.npmjs.org/gate-executor/-/gate-executor-1.1.1.tgz",
      "integrity": "sha1-Zn9ncoSg2+hrbEigtK/oxISBLK8="
    },
    "hoek": {
      "version": "4.1.1",
      "resolved": "https://registry.npmjs.org/hoek/-/hoek-4.1.1.tgz",
      "integrity": "sha1-nMVz/7ore0CPtenCoTeWvpTN3Ok="
    },
    "inherits": {
      "version": "2.0.3",
      "resolved": "https://registry.npmjs.org/inherits/-/inherits-2.0.3.tgz",
      "integrity": "sha1-Yzwsg+PaQqUC9SRmAiSA9CCCYd4="
    },
    "isemail": {
      "version": "3.2.0",
      "resolved": "https://registry.npmjs.org/isemail/-/isemail-3.2.0.tgz",
      "integrity": "sha512-zKqkK+O+dGqevc93KNsbZ/TqTUFd46MwWjYOoMrjIMZ51eU7DtQG3Wmd9SQQT7i7RVnuTPEiYEWHU3MSbxC1Tg==",
      "requires": {
        "punycode": "2.x.x"
      }
    },
    "joi": {
      "version": "12.0.0",
      "resolved": "https://registry.npmjs.org/joi/-/joi-12.0.0.tgz",
      "integrity": "sha512-z0FNlV4NGgjQN1fdtHYXf5kmgludM65fG/JlXzU6+rwkt9U5UWuXVYnXa2FpK0u6+qBuCmrm5byPNuiiddAHvQ==",
      "requires": {
        "hoek": "4.x.x",
        "isemail": "3.x.x",
        "topo": "2.x.x"
      }
    },
    "jshint": {
      "version": "2.9.4",
      "resolved": "https://registry.npmjs.org/jshint/-/jshint-2.9.4.tgz",
      "integrity": "sha1-XjupeEjVKQJz21FK7kf+JM9ZKTQ=",
      "dev": true,
      "dependencies": {
        "lodash": {
          "version": "3.7.0",
          "resolved": "https://registry.npmjs.org/lodash/-/lodash-3.7.0.tgz",
          "integrity": "sha1-Nni9irmVBXwHreg27S7wh9qBHUU="
        }
      }
    },
    "json-stringify-safe": {
      "version": "5.0.1",
      "resolved": "https://registry.npmjs.org/json-stringify-safe/-/json-stringify-safe-5.0.1.tgz",
      "integrity": "sha1-Epai1Y/UXxmg9s4B1lcB4sc1tus="
    },
    "minimist": {
      "version": "1.2.0",
      "resolved": "https://registry.npmjs.org/minimist/-/minimist-1.2.0.tgz",
      "integrity": "sha1-o1AIsg9BOD7sH7kU9M1d95omQoQ="
    },
    "nid": {
      "version": "0.3.2",
      "resolved": "https://registry.npmjs.org/nid/-/nid-0.3.2.tgz",
      "integrity": "sha1-l3qTGO1cKjjt1mJj8+r9gUPyJRo="
    },
    "optioner": {
      "version": "3.0.0",
      "resolved": "https://registry.npmjs.org/optioner/-/optioner-3.0.0.tgz",
      "integrity": "sha512-zKovfSvZ9yV8y8ulv3xLoo4qlT3HsphAglZWNHaKC36lAsjmt7febKS0OorB/g74nYU4KN3mXrTIRq4kDmHdWQ==",
      "requires": {
        "hoek": "4.2",
        "joi": "12.0"
      },
      "dependencies": {
        "hoek": {
          "version": "4.2.1",
          "resolved": "https://registry.npmjs.org/hoek/-/hoek-4.2.1.tgz",
          "integrity": "sha512-QLg82fGkfnJ/4iy1xZ81/9SIJiq1NGFUMGs6ParyjBZr6jW2Ufj/snDqTHixNlHdPNwN2RLVD0Pi3igeK9+JfA=="
        }
      }
    },
    "ordu": {
      "version": "0.1.1",
      "resolved": "https://registry.npmjs.org/ordu/-/ordu-0.1.1.tgz",
      "integrity": "sha1-nIEJSTaTyvCCmfyoTFlq64YLrqo="
    },
    "process-nextick-args": {
      "version": "2.0.1",
      "resolved": "https://registry.npmjs.org/process-nextick-args/-/process-nextick-args-2.0.1.tgz",
      "integrity": "sha512-3ouUOpQhtgrbOa17J7+uxOTpITYWaGP7/AhoR3+A+/1e9skrzelGi/dXzEYyvbxubEF6Wn2ypscTKiKJFFn1ag=="
    },
    "pseudomap": {
      "version": "1.0.2",
      "resolved": "https://registry.npmjs.org/pseudomap/-/pseudomap-1.0.2.tgz",
      "integrity": "sha1-8FKijacOYYkX7wqKw0wa5aaChrM="
    },
    "punycode": {
      "version": "2.1.1",
      "resolved": "https://registry.npmjs.org/punycode/-/punycode-2.1.1.tgz",
      "integrity": "sha512-XRsRjdf+j5ml+y/6GKHPZbrF/8p2Yga0JPtdqTIY2Xe5ohJPD9saDJJLPvp9+NSBprVvevdXZybnj2cv8OEd0A=="
    },
    "reconnect-core": {
      "version": "1.3.0",
      "resolved": "https://registry.npmjs.org/reconnect-core/-/reconnect-core-1.3.0.tgz",
      "integrity": "sha1-+65SkZp4d9hE4yRtAaLyZwHIM8g="
    },
    "rolling-stats": {
      "version": "0.1.1",
      "resolved": "https://registry.npmjs.org/rolling-stats/-/rolling-stats-0.1.1.tgz",
      "integrity": "sha1-zVr3dKiJOzCmdIMvovSrqkeM/IA="
    },
    "safe-buffer": {
      "version": "5.1.2",
      "resolved": "https://registry.npmjs.org/safe-buffer/-/safe-buffer-5.1.2.tgz",
      "integrity": "sha512-Gd2UZBJDkXlY7GbJxfsE8/nvKkUEU1G38c1siN6QP6a9PT9MmHB8GnpscSmMJSoF8LOIrt8ud/wPtojys4G6+g=="
    },
    "seneca": {
      "version": "3.9.0",
      "resolved": "https://registry.npmjs.org/seneca/-/seneca-3.9.0.tgz",
      "integrity": "sha512-QheDkhJq5ZnUDrUUlrb9h9HbGgcUcg6AwcjpIq0wjeeDHQRHNjw5qrbXdYPLeZnp5aXDuz/BaXoheDdz2u9ixQ==",
      "requires": {
        "archy": "^1.0.0",
        "eraro": "^1.1.0",
        "gate-executor": "^1.1.1",
        "gex": "^0.3.0",
        "json-stringify-safe": "^5.0.1",
        "jsonic": "^0.3.1",
        "lodash": "^4.17.11",
        "minimist": "^1.2.0",
        "nid": "^0.3.2",
        "norma": "^0.4.1",
        "ordu": "^0.1.1",
        "patrun": "^1.0.0",
        "qs": "^6.7.0",
        "rolling-stats": "^0.1.1",
        "seneca-transport": "^3.0.0",
        "use-plugin": "^4.0.0",
        "wreck": "^12"
      },
      "dependencies": {
        "boom": {
          "version": "5.2.0",
          "resolved": "https://registry.npmjs.org/boom/-/boom-5.2.0.tgz",
          "integrity": "sha512-Z5BTk6ZRe4tXXQlkqftmsAUANpXmuwlsF5Oov8ThoMbQRzdGTA1ngYRW160GexgOgjsFOKJz0LYhoNi+2AMBUw==",
          "requires": {
            "hoek": "4.x.x"
          }
        },
        "eraro": {
          "version": "1.1.0",
          "resolved": "https://registry.npmjs.org/eraro/-/eraro-1.1.0.tgz",
          "integrity": "sha512-Iniul1qlKYp4XHkf4H6+qGUkRYLjE6xwhIyZU6D5q5DiMgjU8uUBkOT9Y8856GkNPJ1Zw5GYN9bvER5HCN6alQ==",
          "requires": {
            "lodash": "4"
          }
        },
        "gex": {
          "version": "0.3.0",
          "resolved": "https://registry.npmjs.org/gex/-/gex-0.3.0.tgz",
          "integrity": "sha512-A1F2DMZUAnieFmVowt1QHcH7AJQZApRThR+z4C0GlzMGi6VYUAf9UvQdxODiCajGPGSRso86YJQ48E8+b5CBAQ==",
          "requires": {
            "lodash": "4.17"
          }
        },
        "isarray": {
          "version": "1.0.0",
          "resolved": "https://registry.npmjs.org/isarray/-/isarray-1.0.0.tgz",
          "integrity": "sha1-u5NdSFgsuhaMBoNJV6VKPgcSTxE="
        },
        "jsonic": {
          "version": "0.3.1",
          "resolved": "https://registry.npmjs.org/jsonic/-/jsonic-0.3.1.tgz",
          "integrity": "sha512-5Md4EK3vPAMvP2sXY6M3/vQEPeX3LxEQBJuF979uypddXjsUlEoAI9/Nojh8tbw+YU5FjMoqSElO6oyjrAuprw=="
        },
        "lodash": {
          "version": "4.17.15",
          "resolved": "https://registry.npmjs.org/lodash/-/lodash-4.17.15.tgz",
          "integrity": "sha512-8xOcRHvCjnocdS5cpwXQXVzmmh5e5+saE2QGoeQmbKmRS6J3VQppPOIt0MnmE+4xlZoumy0GPG0D0MVIQbNA1A=="
        },
        "lru-cache": {
          "version": "4.1.5",
          "resolved": "https://registry.npmjs.org/lru-cache/-/lru-cache-4.1.5.tgz",
          "integrity": "sha512-sWZlbEP2OsHNkXrMl5GYk/jKk70MBng6UU4YI/qGDYbgf6YbP4EvmqISbXCoJiRKs+1bSpFHVgQxvJ17F2li5g==",
          "requires": {
            "pseudomap": "^1.0.2",
            "yallist": "^2.1.2"
          }
        },
        "ndjson": {
          "version": "1.5.0",
          "resolved": "https://registry.npmjs.org/ndjson/-/ndjson-1.5.0.tgz",
          "integrity": "sha1-rmA7NrE0vOw0e0UkIrC/mNWDLsg=",
          "requires": {
            "json-stringify-safe": "^5.0.1",
            "minimist": "^1.2.0",
            "split2": "^2.1.0",
            "through2": "^2.0.3"
          }
        },
        "norma": {
          "version": "0.4.1",
          "resolved": "https://registry.npmjs.org/norma/-/norma-0.4.1.tgz",
          "integrity": "sha512-BSnU+B35GzJgkEcNqiMIm79507Qg68O5L7gRVKATRSx17BHyDn0gVJsi3YzoANC1NbBoKRExwd3KsEZSUox63Q==",
          "requires": {
            "eraro": "1.0",
            "lodash": "4.17"
          },
          "dependencies": {
            "eraro": {
              "version": "1.0.0",
              "resolved": "https://registry.npmjs.org/eraro/-/eraro-1.0.0.tgz",
              "integrity": "sha512-JeEqKyNgOxZNji2otWWDCDu1sWqGkrIBBhoGQH0LrPZObccQW8CoD94xkOtpmmlHeY/frG8IwR+jeCS8SQA/Xw==",
              "requires": {
                "lodash": "4.17"
              }
            }
          }
        },
        "patrun": {
          "version": "1.0.0",
          "resolved": "https://registry.npmjs.org/patrun/-/patrun-1.0.0.tgz",
          "integrity": "sha512-oemWSuxjb27nPkREl88BxZ2EFDFUKSPace+zYZjFKj2xFn6w/LgDFGptgQvme384As2gpEFIv4WMVE1cb9lDXQ==",
          "requires": {
            "gex": "0.3",
            "lodash": "4.17"
          }
        },
        "qs": {
          "version": "6.9.0",
          "resolved": "https://registry.npmjs.org/qs/-/qs-6.9.0.tgz",
          "integrity": "sha512-27RP4UotQORTpmNQDX8BHPukOnBP3p1uUJY5UnDhaJB+rMt9iMsok724XL+UHU23bEFOHRMQ2ZhI99qOWUMGFA=="
        },
        "readable-stream": {
          "version": "2.3.6",
          "resolved": "https://registry.npmjs.org/readable-stream/-/readable-stream-2.3.6.tgz",
          "integrity": "sha512-tQtKA9WIAhBF3+VLAseyMqZeBjW0AHJoxOtYqSUZNJxauErmLbVm2FW1y+J/YA9dUrAC39ITejlZWhVIwawkKw==",
          "requires": {
            "core-util-is": "~1.0.0",
            "inherits": "~2.0.3",
            "isarray": "~1.0.0",
            "process-nextick-args": "~2.0.0",
            "safe-buffer": "~5.1.1",
            "string_decoder": "~1.1.1",
            "util-deprecate": "~1.0.1"
          }
        },
        "seneca-transport": {
          "version": "3.0.0",
          "resolved": "https://registry.npmjs.org/seneca-transport/-/seneca-transport-3.0.0.tgz",
          "integrity": "sha512-W9td5m07WCXAsneUhsLNwy2aZhjFcETOhfy2HaJib6+2Lqnaa2HaFCaVjFE5vvc9DFJA6JWaNAnbqUR3hxYhCw==",
          "requires": {
            "eraro": "^1.1.0",
            "gex": "^0.3.0",
            "jsonic": "^0.3.1",
            "lodash": "^4.17.11",
            "lru-cache": "^4.1.5",
            "ndjson": "^1.5.0",
            "nid": "^0.3.2",
            "patrun": "^1.0.0",
            "qs": "^6.5.2",
            "reconnect-core": "^1.3.0",
            "wreck": "^12.5.1"
          }
        },
        "split2": {
          "version": "2.2.0",
          "resolved": "https://registry.npmjs.org/split2/-/split2-2.2.0.tgz",
          "integrity": "sha512-RAb22TG39LhI31MbreBgIuKiIKhVsawfTgEGqKHTK87aG+ul/PB8Sqoi3I7kVdRWiCfrKxK3uo4/YUkpNvhPbw==",
          "requires": {
            "through2": "^2.0.2"
          }
        },
        "string_decoder": {
          "version": "1.1.1",
          "resolved": "https://registry.npmjs.org/string_decoder/-/string_decoder-1.1.1.tgz",
          "integrity": "sha512-n/ShnvDi6FHbbVfviro+WojiFzv+s8MPMHBczVePfUpDJLwoLT0ht1l4YwBCbi8pJAveEEdnkHyPyTP/mzRfwg==",
          "requires": {
            "safe-buffer": "~5.1.0"
          }
        },
        "through2": {
          "version": "2.0.5",
          "resolved": "https://registry.npmjs.org/through2/-/through2-2.0.5.tgz",
          "integrity": "sha512-/mrRod8xqpA+IHSLyGCQ2s8SPHiCDEeQJSep1jqLYeEUClOFG2Qsh+4FU6G9VeqpZnGW/Su8LQGc4YKni5rYSQ==",
          "requires": {
            "readable-stream": "~2.3.6",
            "xtend": "~4.0.1"
          }
        },
        "use-plugin": {
          "version": "4.0.0",
          "resolved": "https://registry.npmjs.org/use-plugin/-/use-plugin-4.0.0.tgz",
          "integrity": "sha512-xSYPDkFFmg6qVPB7falq3upKA/GB7cwn3Z85V9TMn0Ye8jizPvFPetkjo9UDZtOEyYf3qZWaBxc5U87fMQ7iXg==",
          "requires": {
            "eraro": "^1.0.0",
            "nid": "^0.3.2",
            "norma": "^0.4.1",
            "optioner": "^3.0.0"
          }
        },
        "wreck": {
          "version": "12.5.1",
          "resolved": "https://registry.npmjs.org/wreck/-/wreck-12.5.1.tgz",
          "integrity": "sha512-l5DUGrc+yDyIflpty1x9XuMj1ehVjC/dTbF3/BasOO77xk0EdEa4M/DuOY8W88MQDAD0fEDqyjc8bkIMHd2E9A==",
          "requires": {
            "boom": "5.x.x",
            "hoek": "4.x.x"
          }
        }
      }
    },
    "topo": {
      "version": "2.0.2",
      "resolved": "https://registry.npmjs.org/topo/-/topo-2.0.2.tgz",
      "integrity": "sha1-zVYVdSU5BXwNwEkaYhw7xvvh0YI=",
      "requires": {
        "hoek": "4.x.x"
      }
    },
    "util-deprecate": {
      "version": "1.0.2",
      "resolved": "https://registry.npmjs.org/util-deprecate/-/util-deprecate-1.0.2.tgz",
      "integrity": "sha1-RQ1Nyfpw3nMnYvvS1KKJgUGaDM8="
    },
    "xtend": {
      "version": "4.0.1",
      "resolved": "https://registry.npmjs.org/xtend/-/xtend-4.0.1.tgz",
      "integrity": "sha1-pcbVMr5lbiPbgg77lDofBJmNY68="
    },
    "yallist": {
      "version": "2.1.2",
      "resolved": "https://registry.npmjs.org/yallist/-/yallist-2.1.2.tgz",
      "integrity": "sha1-HBH5IY8HYImkfdUS+TxmmaaoHVI="
    }
  }
}
